{
  "name": "neural-network",
  "version": "1.0.0",
  "lockfileVersion": 1,
  "requires": true,
  "dependencies": {
    "bootswatch": {
      "version": "4.3.1",
      "resolved": "https://registry.npmjs.org/bootswatch/-/bootswatch-4.3.1.tgz",
      "integrity": "sha512-kNdpo/TnhO++aic1IODLIe1V0lx6pXwHMpwXMacpANDnuVDtgU1MUgUbVMC3rSWm4UcbImfwPraNYgjKDT0BtA=="
    },
    "jquery": {
      "version": "3.4.1",
      "resolved": "https://registry.npmjs.org/jquery/-/jquery-3.4.1.tgz",
      "integrity": "sha512-36+AdBzCL+y6qjw5Tx7HgzeGCzC81MDDgaUP8ld2zhx58HdqXGoBd+tHdrBMiyjGQs0Hxs/MLZTu/eHNJJuWPw=="
    }
  }
}
